// !$*UTF8*$!
{
	archiveVersion = 1;
	classes = {
	};
	objectVersion = 77;
	objects = {

/* Begin PBXBuildFile section */
		5E480F312D81B9320012C919 /* FirebaseAnalytics in Frameworks */ = {isa = PBXBuildFile; productRef = 5E480F302D81B9320012C919 /* FirebaseAnalytics */; };
		5E480F342D81BD4F0012C919 /* FirebaseAnalyticsOnDeviceConversion in Frameworks */ = {isa = PBXBuildFile; productRef = 5E480F332D81BD4F0012C919 /* FirebaseAnalyticsOnDeviceConversion */; };
/* End PBXBuildFile section */

/* Begin PBXContainerItemProxy section */
		5E9806C52D722E95008F48B0 /* PBXContainerItemProxy */ = {
			isa = PBXContainerItemProxy;
			containerPortal = 5E9806AC2D722E93008F48B0 /* Project object */;
			proxyType = 1;
			remoteGlobalIDString = 5E9806B32D722E93008F48B0;
			remoteInfo = GroceryAI;
		};
		5E9806CF2D722E95008F48B0 /* PBXContainerItemProxy */ = {
			isa = PBXContainerItemProxy;
			containerPortal = 5E9806AC2D722E93008F48B0 /* Project object */;
			proxyType = 1;
			remoteGlobalIDString = 5E9806B32D722E93008F48B0;
			remoteInfo = GroceryAI;
		};
/* End PBXContainerItemProxy section */

/* Begin PBXFileReference section */
		5E9806B42D722E93008F48B0 /* GroceryAI.app */ = {isa = PBXFileReference; explicitFileType = wrapper.application; includeInIndex = 0; path = GroceryAI.app; sourceTree = BUILT_PRODUCTS_DIR; };
		5E9806C42D722E95008F48B0 /* GroceryAITests.xctest */ = {isa = PBXFileReference; explicitFileType = wrapper.cfbundle; includeInIndex = 0; path = GroceryAITests.xctest; sourceTree = BUILT_PRODUCTS_DIR; };
		5E9806CE2D722E95008F48B0 /* GroceryAIUITests.xctest */ = {isa = PBXFileReference; explicitFileType = wrapper.cfbundle; includeInIndex = 0; path = GroceryAIUITests.xctest; sourceTree = BUILT_PRODUCTS_DIR; };
/* End PBXFileReference section */

/* Begin PBXFileSystemSynchronizedRootGroup section */
		5E9806B62D722E93008F48B0 /* GroceryAI */ = {
			isa = PBXFileSystemSynchronizedRootGroup;
			path = GroceryAI;
			sourceTree = "<group>";
		};
		5E9806C72D722E95008F48B0 /* GroceryAITests */ = {
			isa = PBXFileSystemSynchronizedRootGroup;
			path = GroceryAITests;
			sourceTree = "<group>";
		};
		5E9806D12D722E95008F48B0 /* GroceryAIUITests */ = {
			isa = PBXFileSystemSynchronizedRootGroup;
			path = GroceryAIUITests;
			sourceTree = "<group>";
		};
/* End PBXFileSystemSynchronizedRootGroup section */

/* Begin PBXFrameworksBuildPhase section */
		5E9806B12D722E93008F48B0 /* Frameworks */ = {
			isa = PBXFrameworksBuildPhase;
			buildActionMask = 2147483647;
			files = (
				5E480F312D81B9320012C919 /* FirebaseAnalytics in Frameworks */,
				5E480F342D81BD4F0012C919 /* FirebaseAnalyticsOnDeviceConversion in Frameworks */,
			);
			runOnlyForDeploymentPostprocessing = 0;
		};
		5E9806C12D722E95008F48B0 /* Frameworks */ = {
			isa = PBXFrameworksBuildPhase;
			buildActionMask = 2147483647;
			files = (
			);
			runOnlyForDeploymentPostprocessing = 0;
		};
		5E9806CB2D722E95008F48B0 /* Frameworks */ = {
			isa = PBXFrameworksBuildPhase;
			buildActionMask = 2147483647;
			files = (
			);
			runOnlyForDeploymentPostprocessing = 0;
		};
/* End PBXFrameworksBuildPhase section */

/* Begin PBXGroup section */
		5E480F322D81BD4F0012C919 /* Frameworks */ = {
			isa = PBXGroup;
			children = (
			);
			name = Frameworks;
			sourceTree = "<group>";
		};
		5E9806AB2D722E93008F48B0 = {
			isa = PBXGroup;
			children = (
				5E9806B62D722E93008F48B0 /* GroceryAI */,
				5E9806C72D722E95008F48B0 /* GroceryAITests */,
				5E9806D12D722E95008F48B0 /* GroceryAIUITests */,
				5E480F322D81BD4F0012C919 /* Frameworks */,
				5E9806B52D722E93008F48B0 /* Products */,
			);
			sourceTree = "<group>";
		};
		5E9806B52D722E93008F48B0 /* Products */ = {
			isa = PBXGroup;
			children = (
				5E9806B42D722E93008F48B0 /* GroceryAI.app */,
				5E9806C42D722E95008F48B0 /* GroceryAITests.xctest */,
				5E9806CE2D722E95008F48B0 /* GroceryAIUITests.xctest */,
			);
			name = Products;
			sourceTree = "<group>";
		};
/* End PBXGroup section */

/* Begin PBXNativeTarget section */
		5E9806B32D722E93008F48B0 /* GroceryAI */ = {
			isa = PBXNativeTarget;
			buildConfigurationList = 5E9806D82D722E95008F48B0 /* Build configuration list for PBXNativeTarget "GroceryAI" */;
			buildPhases = (
				5E9806B02D722E93008F48B0 /* Sources */,
				5E9806B12D722E93008F48B0 /* Frameworks */,
				5E9806B22D722E93008F48B0 /* Resources */,
			);
			buildRules = (
			);
			dependencies = (
			);
			fileSystemSynchronizedGroups = (
				5E9806B62D722E93008F48B0 /* GroceryAI */,
			);
			name = GroceryAI;
			packageProductDependencies = (
				5E480F302D81B9320012C919 /* FirebaseAnalytics */,
				5E480F332D81BD4F0012C919 /* FirebaseAnalyticsOnDeviceConversion */,
			);
			productName = GroceryAI;
			productReference = 5E9806B42D722E93008F48B0 /* GroceryAI.app */;
			productType = "com.apple.product-type.application";
		};
		5E9806C32D722E95008F48B0 /* GroceryAITests */ = {
			isa = PBXNativeTarget;
			buildConfigurationList = 5E9806DB2D722E95008F48B0 /* Build configuration list for PBXNativeTarget "GroceryAITests" */;
			buildPhases = (
				5E9806C02D722E95008F48B0 /* Sources */,
				5E9806C12D722E95008F48B0 /* Frameworks */,
				5E9806C22D722E95008F48B0 /* Resources */,
			);
			buildRules = (
			);
			dependencies = (
				5E9806C62D722E95008F48B0 /* PBXTargetDependency */,
			);
			fileSystemSynchronizedGroups = (
				5E9806C72D722E95008F48B0 /* GroceryAITests */,
			);
			name = GroceryAITests;
			packageProductDependencies = (
			);
			productName = GroceryAITests;
			productReference = 5E9806C42D722E95008F48B0 /* GroceryAITests.xctest */;
			productType = "com.apple.product-type.bundle.unit-test";
		};
		5E9806CD2D722E95008F48B0 /* GroceryAIUITests */ = {
			isa = PBXNativeTarget;
			buildConfigurationList = 5E9806DE2D722E95008F48B0 /* Build configuration list for PBXNativeTarget "GroceryAIUITests" */;
			buildPhases = (
				5E9806CA2D722E95008F48B0 /* Sources */,
				5E9806CB2D722E95008F48B0 /* Frameworks */,
				5E9806CC2D722E95008F48B0 /* Resources */,
			);
			buildRules = (
			);
			dependencies = (
				5E9806D02D722E95008F48B0 /* PBXTargetDependency */,
			);
			fileSystemSynchronizedGroups = (
				5E9806D12D722E95008F48B0 /* GroceryAIUITests */,
			);
			name = GroceryAIUITests;
			packageProductDependencies = (
			);
			productName = GroceryAIUITests;
			productReference = 5E9806CE2D722E95008F48B0 /* GroceryAIUITests.xctest */;
			productType = "com.apple.product-type.bundle.ui-testing";
		};
/* End PBXNativeTarget section */

/* Begin PBXProject section */
		5E9806AC2D722E93008F48B0 /* Project object */ = {
			isa = PBXProject;
			attributes = {
				BuildIndependentTargetsInParallel = 1;
				LastSwiftUpdateCheck = 1620;
				LastUpgradeCheck = 1620;
				TargetAttributes = {
					5E9806B32D722E93008F48B0 = {
						CreatedOnToolsVersion = 16.2;
					};
					5E9806C32D722E95008F48B0 = {
						CreatedOnToolsVersion = 16.2;
						TestTargetID = 5E9806B32D722E93008F48B0;
					};
					5E9806CD2D722E95008F48B0 = {
						CreatedOnToolsVersion = 16.2;
						TestTargetID = 5E9806B32D722E93008F48B0;
					};
				};
			};
			buildConfigurationList = 5E9806AF2D722E93008F48B0 /* Build configuration list for PBXProject "GroceryAI" */;
			developmentRegion = en;
			hasScannedForEncodings = 0;
			knownRegions = (
				en,
				Base,
			);
			mainGroup = 5E9806AB2D722E93008F48B0;
			minimizedProjectReferenceProxies = 1;
			packageReferences = (
				5E480F2F2D81B75C0012C919 /* XCRemoteSwiftPackageReference "firebase-ios-sdk" */,
			);
			preferredProjectObjectVersion = 77;
			productRefGroup = 5E9806B52D722E93008F48B0 /* Products */;
			projectDirPath = "";
			projectRoot = "";
			targets = (
				5E9806B32D722E93008F48B0 /* GroceryAI */,
				5E9806C32D722E95008F48B0 /* GroceryAITests */,
				5E9806CD2D722E95008F48B0 /* GroceryAIUITests */,
			);
		};
/* End PBXProject section */

/* Begin PBXResourcesBuildPhase section */
		5E9806B22D722E93008F48B0 /* Resources */ = {
			isa = PBXResourcesBuildPhase;
			buildActionMask = 2147483647;
			files = (
			);
			runOnlyForDeploymentPostprocessing = 0;
		};
		5E9806C22D722E95008F48B0 /* Resources */ = {
			isa = PBXResourcesBuildPhase;
			buildActionMask = 2147483647;
			files = (
			);
			runOnlyForDeploymentPostprocessing = 0;
		};
		5E9806CC2D722E95008F48B0 /* Resources */ = {
			isa = PBXResourcesBuildPhase;
			buildActionMask = 2147483647;
			files = (
			);
			runOnlyForDeploymentPostprocessing = 0;
		};
/* End PBXResourcesBuildPhase section */

/* Begin PBXSourcesBuildPhase section */
		5E9806B02D722E93008F48B0 /* Sources */ = {
			isa = PBXSourcesBuildPhase;
			buildActionMask = 2147483647;
			files = (
			);
			runOnlyForDeploymentPostprocessing = 0;
		};
		5E9806C02D722E95008F48B0 /* Sources */ = {
			isa = PBXSourcesBuildPhase;
			buildActionMask = 2147483647;
			files = (
			);
			runOnlyForDeploymentPostprocessing = 0;
		};
		5E9806CA2D722E95008F48B0 /* Sources */ = {
			isa = PBXSourcesBuildPhase;
			buildActionMask = 2147483647;
			files = (
			);
			runOnlyForDeploymentPostprocessing = 0;
		};
/* End PBXSourcesBuildPhase section */

/* Begin PBXTargetDependency section */
		5E9806C62D722E95008F48B0 /* PBXTargetDependency */ = {
			isa = PBXTargetDependency;
			target = 5E9806B32D722E93008F48B0 /* GroceryAI */;
			targetProxy = 5E9806C52D722E95008F48B0 /* PBXContainerItemProxy */;
		};
		5E9806D02D722E95008F48B0 /* PBXTargetDependency */ = {
			isa = PBXTargetDependency;
			target = 5E9806B32D722E93008F48B0 /* GroceryAI */;
			targetProxy = 5E9806CF2D722E95008F48B0 /* PBXContainerItemProxy */;
		};
/* End PBXTargetDependency section */

/* Begin XCBuildConfiguration section */
		5E9806D62D722E95008F48B0 /* Debug */ = {
			isa = XCBuildConfiguration;
			buildSettings = {
				ALWAYS_SEARCH_USER_PATHS = NO;
				ASSETCATALOG_COMPILER_GENERATE_SWIFT_ASSET_SYMBOL_EXTENSIONS = YES;
				CLANG_ANALYZER_NONNULL = YES;
				CLANG_ANALYZER_NUMBER_OBJECT_CONVERSION = YES_AGGRESSIVE;
				CLANG_CXX_LANGUAGE_STANDARD = "gnu++20";
				CLANG_ENABLE_MODULES = YES;
				CLANG_ENABLE_OBJC_ARC = YES;
				CLANG_ENABLE_OBJC_WEAK = YES;
				CLANG_WARN_BLOCK_CAPTURE_AUTORELEASING = YES;
				CLANG_WARN_BOOL_CONVERSION = YES;
				CLANG_WARN_COMMA = YES;
				CLANG_WARN_CONSTANT_CONVERSION = YES;
				CLANG_WARN_DEPRECATED_OBJC_IMPLEMENTATIONS = YES;
				CLANG_WARN_DIRECT_OBJC_ISA_USAGE = YES_ERROR;
				CLANG_WARN_DOCUMENTATION_COMMENTS = YES;
				CLANG_WARN_EMPTY_BODY = YES;
				CLANG_WARN_ENUM_CONVERSION = YES;
				CLANG_WARN_INFINITE_RECURSION = YES;
				CLANG_WARN_INT_CONVERSION = YES;
				CLANG_WARN_NON_LITERAL_NULL_CONVERSION = YES;
				CLANG_WARN_OBJC_IMPLICIT_RETAIN_SELF = YES;
				CLANG_WARN_OBJC_LITERAL_CONVERSION = YES;
				CLANG_WARN_OBJC_ROOT_CLASS = YES_ERROR;
				CLANG_WARN_QUOTED_INCLUDE_IN_FRAMEWORK_HEADER = YES;
				CLANG_WARN_RANGE_LOOP_ANALYSIS = YES;
				CLANG_WARN_STRICT_PROTOTYPES = YES;
				CLANG_WARN_SUSPICIOUS_MOVE = YES;
				CLANG_WARN_UNGUARDED_AVAILABILITY = YES_AGGRESSIVE;
				CLANG_WARN_UNREACHABLE_CODE = YES;
				CLANG_WARN__DUPLICATE_METHOD_MATCH = YES;
				COPY_PHASE_STRIP = NO;
				DEBUG_INFORMATION_FORMAT = dwarf;
				ENABLE_STRICT_OBJC_MSGSEND = YES;
				ENABLE_TESTABILITY = YES;
				ENABLE_USER_SCRIPT_SANDBOXING = YES;
				GCC_C_LANGUAGE_STANDARD = gnu17;
				GCC_DYNAMIC_NO_PIC = NO;
				GCC_NO_COMMON_BLOCKS = YES;
				GCC_OPTIMIZATION_LEVEL = 0;
				GCC_PREPROCESSOR_DEFINITIONS = (
					"DEBUG=1",
					"$(inherited)",
				);
				GCC_WARN_64_TO_32_BIT_CONVERSION = YES;
				GCC_WARN_ABOUT_RETURN_TYPE = YES_ERROR;
				GCC_WARN_UNDECLARED_SELECTOR = YES;
				GCC_WARN_UNINITIALIZED_AUTOS = YES_AGGRESSIVE;
				GCC_WARN_UNUSED_FUNCTION = YES;
				GCC_WARN_UNUSED_VARIABLE = YES;
				IPHONEOS_DEPLOYMENT_TARGET = 18.2;
				LOCALIZATION_PREFERS_STRING_CATALOGS = YES;
				MTL_ENABLE_DEBUG_INFO = INCLUDE_SOURCE;
				MTL_FAST_MATH = YES;
				ONLY_ACTIVE_ARCH = YES;
				SDKROOT = iphoneos;
				SWIFT_ACTIVE_COMPILATION_CONDITIONS = "DEBUG $(inherited)";
				SWIFT_OPTIMIZATION_LEVEL = "-Onone";
			};
			name = Debug;
		};
		5E9806D72D722E95008F48B0 /* Release */ = {
			isa = XCBuildConfiguration;
			buildSettings = {
				ALWAYS_SEARCH_USER_PATHS = NO;
				ASSETCATALOG_COMPILER_GENERATE_SWIFT_ASSET_SYMBOL_EXTENSIONS = YES;
				CLANG_ANALYZER_NONNULL = YES;
				CLANG_ANALYZER_NUMBER_OBJECT_CONVERSION = YES_AGGRESSIVE;
				CLANG_CXX_LANGUAGE_STANDARD = "gnu++20";
				CLANG_ENABLE_MODULES = YES;
				CLANG_ENABLE_OBJC_ARC = YES;
				CLANG_ENABLE_OBJC_WEAK = YES;
				CLANG_WARN_BLOCK_CAPTURE_AUTORELEASING = YES;
				CLANG_WARN_BOOL_CONVERSION = YES;
				CLANG_WARN_COMMA = YES;
				CLANG_WARN_CONSTANT_CONVERSION = YES;
				CLANG_WARN_DEPRECATED_OBJC_IMPLEMENTATIONS = YES;
				CLANG_WARN_DIRECT_OBJC_ISA_USAGE = YES_ERROR;
				CLANG_WARN_DOCUMENTATION_COMMENTS = YES;
				CLANG_WARN_EMPTY_BODY = YES;
				CLANG_WARN_ENUM_CONVERSION = YES;
				CLANG_WARN_INFINITE_RECURSION = YES;
				CLANG_WARN_INT_CONVERSION = YES;
				CLANG_WARN_NON_LITERAL_NULL_CONVERSION = YES;
				CLANG_WARN_OBJC_IMPLICIT_RETAIN_SELF = YES;
				CLANG_WARN_OBJC_LITERAL_CONVERSION = YES;
				CLANG_WARN_OBJC_ROOT_CLASS = YES_ERROR;
				CLANG_WARN_QUOTED_INCLUDE_IN_FRAMEWORK_HEADER = YES;
				CLANG_WARN_RANGE_LOOP_ANALYSIS = YES;
				CLANG_WARN_STRICT_PROTOTYPES = YES;
				CLANG_WARN_SUSPICIOUS_MOVE = YES;
				CLANG_WARN_UNGUARDED_AVAILABILITY = YES_AGGRESSIVE;
				CLANG_WARN_UNREACHABLE_CODE = YES;
				CLANG_WARN__DUPLICATE_METHOD_MATCH = YES;
				COPY_PHASE_STRIP = NO;
				DEBUG_INFORMATION_FORMAT = "dwarf-with-dsym";
				ENABLE_NS_ASSERTIONS = NO;
				ENABLE_STRICT_OBJC_MSGSEND = YES;
				ENABLE_USER_SCRIPT_SANDBOXING = YES;
				GCC_C_LANGUAGE_STANDARD = gnu17;
				GCC_NO_COMMON_BLOCKS = YES;
				GCC_WARN_64_TO_32_BIT_CONVERSION = YES;
				GCC_WARN_ABOUT_RETURN_TYPE = YES_ERROR;
				GCC_WARN_UNDECLARED_SELECTOR = YES;
				GCC_WARN_UNINITIALIZED_AUTOS = YES_AGGRESSIVE;
				GCC_WARN_UNUSED_FUNCTION = YES;
				GCC_WARN_UNUSED_VARIABLE = YES;
				IPHONEOS_DEPLOYMENT_TARGET = 18.2;
				LOCALIZATION_PREFERS_STRING_CATALOGS = YES;
				MTL_ENABLE_DEBUG_INFO = NO;
				MTL_FAST_MATH = YES;
				SDKROOT = iphoneos;
				SWIFT_COMPILATION_MODE = wholemodule;
				VALIDATE_PRODUCT = YES;
			};
			name = Release;
		};
		5E9806D92D722E95008F48B0 /* Debug */ = {
			isa = XCBuildConfiguration;
			buildSettings = {
				ASSETCATALOG_COMPILER_APPICON_NAME = AppIcon;
				ASSETCATALOG_COMPILER_GLOBAL_ACCENT_COLOR_NAME = AccentColor;
				CODE_SIGN_STYLE = Automatic;
				CURRENT_PROJECT_VERSION = 1;
				DEVELOPMENT_ASSET_PATHS = "\"GroceryAI/Preview Content\"";
				DEVELOPMENT_TEAM = W6G443Q7Z9;
				ENABLE_PREVIEWS = YES;
				GENERATE_INFOPLIST_FILE = YES;
				INFOPLIST_KEY_UIApplicationSceneManifest_Generation = YES;
				INFOPLIST_KEY_UIApplicationSupportsIndirectInputEvents = YES;
				INFOPLIST_KEY_UILaunchScreen_Generation = YES;
				INFOPLIST_KEY_UISupportedInterfaceOrientations_iPad = "UIInterfaceOrientationPortrait UIInterfaceOrientationPortraitUpsideDown UIInterfaceOrientationLandscapeLeft UIInterfaceOrientationLandscapeRight";
				INFOPLIST_KEY_UISupportedInterfaceOrientations_iPhone = "UIInterfaceOrientationPortrait UIInterfaceOrientationLandscapeLeft UIInterfaceOrientationLandscapeRight";
				LD_RUNPATH_SEARCH_PATHS = (
					"$(inherited)",
					"@executable_path/Frameworks",
				);
				MARKETING_VERSION = 1.0;
				PRODUCT_BUNDLE_IDENTIFIER = MRNGROUP.GroceryAI;
				PRODUCT_NAME = "$(TARGET_NAME)";
				SWIFT_EMIT_LOC_STRINGS = YES;
				SWIFT_VERSION = 5.0;
				TARGETED_DEVICE_FAMILY = "1,2";
			};
			name = Debug;
		};
		5E9806DA2D722E95008F48B0 /* Release */ = {
			isa = XCBuildConfiguration;
			buildSettings = {
				ASSETCATALOG_COMPILER_APPICON_NAME = AppIcon;
				ASSETCATALOG_COMPILER_GLOBAL_ACCENT_COLOR_NAME = AccentColor;
				CODE_SIGN_STYLE = Automatic;
				CURRENT_PROJECT_VERSION = 1;
				DEVELOPMENT_ASSET_PATHS = "\"GroceryAI/Preview Content\"";
				DEVELOPMENT_TEAM = W6G443Q7Z9;
				ENABLE_PREVIEWS = YES;
				GENERATE_INFOPLIST_FILE = YES;
				INFOPLIST_KEY_UIApplicationSceneManifest_Generation = YES;
				INFOPLIST_KEY_UIApplicationSupportsIndirectInputEvents = YES;
				INFOPLIST_KEY_UILaunchScreen_Generation = YES;
				INFOPLIST_KEY_UISupportedInterfaceOrientations_iPad = "UIInterfaceOrientationPortrait UIInterfaceOrientationPortraitUpsideDown UIInterfaceOrientationLandscapeLeft UIInterfaceOrientationLandscapeRight";
				INFOPLIST_KEY_UISupportedInterfaceOrientations_iPhone = "UIInterfaceOrientationPortrait UIInterfaceOrientationLandscapeLeft UIInterfaceOrientationLandscapeRight";
				LD_RUNPATH_SEARCH_PATHS = (
					"$(inherited)",
					"@executable_path/Frameworks",
				);
				MARKETING_VERSION = 1.0;
				PRODUCT_BUNDLE_IDENTIFIER = MRNGROUP.GroceryAI;
				PRODUCT_NAME = "$(TARGET_NAME)";
				SWIFT_EMIT_LOC_STRINGS = YES;
				SWIFT_VERSION = 5.0;
				TARGETED_DEVICE_FAMILY = "1,2";
			};
			name = Release;
		};
		5E9806DC2D722E95008F48B0 /* Debug */ = {
			isa = XCBuildConfiguration;
			buildSettings = {
				BUNDLE_LOADER = "$(TEST_HOST)";
				CODE_SIGN_STYLE = Automatic;
				CURRENT_PROJECT_VERSION = 1;
				GENERATE_INFOPLIST_FILE = YES;
				IPHONEOS_DEPLOYMENT_TARGET = 18.2;
				MARKETING_VERSION = 1.0;
				PRODUCT_BUNDLE_IDENTIFIER = miron.GroceryAITests;
				PRODUCT_NAME = "$(TARGET_NAME)";
				SWIFT_EMIT_LOC_STRINGS = NO;
				SWIFT_VERSION = 5.0;
				TARGETED_DEVICE_FAMILY = "1,2";
				TEST_HOST = "$(BUILT_PRODUCTS_DIR)/GroceryAI.app/$(BUNDLE_EXECUTABLE_FOLDER_PATH)/GroceryAI";
			};
			name = Debug;
		};
		5E9806DD2D722E95008F48B0 /* Release */ = {
			isa = XCBuildConfiguration;
			buildSettings = {
				BUNDLE_LOADER = "$(TEST_HOST)";
				CODE_SIGN_STYLE = Automatic;
				CURRENT_PROJECT_VERSION = 1;
				GENERATE_INFOPLIST_FILE = YES;
				IPHONEOS_DEPLOYMENT_TARGET = 18.2;
				MARKETING_VERSION = 1.0;
				PRODUCT_BUNDLE_IDENTIFIER = miron.GroceryAITests;
				PRODUCT_NAME = "$(TARGET_NAME)";
				SWIFT_EMIT_LOC_STRINGS = NO;
				SWIFT_VERSION = 5.0;
				TARGETED_DEVICE_FAMILY = "1,2";
				TEST_HOST = "$(BUILT_PRODUCTS_DIR)/GroceryAI.app/$(BUNDLE_EXECUTABLE_FOLDER_PATH)/GroceryAI";
			};
			name = Release;
		};
		5E9806DF2D722E95008F48B0 /* Debug */ = {
			isa = XCBuildConfiguration;
			buildSettings = {
				CODE_SIGN_STYLE = Automatic;
				CURRENT_PROJECT_VERSION = 1;
				GENERATE_INFOPLIST_FILE = YES;
				MARKETING_VERSION = 1.0;
				PRODUCT_BUNDLE_IDENTIFIER = miron.GroceryAIUITests;
				PRODUCT_NAME = "$(TARGET_NAME)";
				SWIFT_EMIT_LOC_STRINGS = NO;
				SWIFT_VERSION = 5.0;
				TARGETED_DEVICE_FAMILY = "1,2";
				TEST_TARGET_NAME = GroceryAI;
			};
			name = Debug;
		};
		5E9806E02D722E95008F48B0 /* Release */ = {
			isa = XCBuildConfiguration;
			buildSettings = {
				CODE_SIGN_STYLE = Automatic;
				CURRENT_PROJECT_VERSION = 1;
				GENERATE_INFOPLIST_FILE = YES;
				MARKETING_VERSION = 1.0;
				PRODUCT_BUNDLE_IDENTIFIER = miron.GroceryAIUITests;
				PRODUCT_NAME = "$(TARGET_NAME)";
				SWIFT_EMIT_LOC_STRINGS = NO;
				SWIFT_VERSION = 5.0;
				TARGETED_DEVICE_FAMILY = "1,2";
				TEST_TARGET_NAME = GroceryAI;
			};
			name = Release;
		};
/* End XCBuildConfiguration section */

/* Begin XCConfigurationList section */
		5E9806AF2D722E93008F48B0 /* Build configuration list for PBXProject "GroceryAI" */ = {
			isa = XCConfigurationList;
			buildConfigurations = (
				5E9806D62D722E95008F48B0 /* Debug */,
				5E9806D72D722E95008F48B0 /* Release */,
			);
			defaultConfigurationIsVisible = 0;
			defaultConfigurationName = Release;
		};
		5E9806D82D722E95008F48B0 /* Build configuration list for PBXNativeTarget "GroceryAI" */ = {
			isa = XCConfigurationList;
			buildConfigurations = (
				5E9806D92D722E95008F48B0 /* Debug */,
				5E9806DA2D722E95008F48B0 /* Release */,
			);
			defaultConfigurationIsVisible = 0;
			defaultConfigurationName = Release;
		};
		5E9806DB2D722E95008F48B0 /* Build configuration list for PBXNativeTarget "GroceryAITests" */ = {
			isa = XCConfigurationList;
			buildConfigurations = (
				5E9806DC2D722E95008F48B0 /* Debug */,
				5E9806DD2D722E95008F48B0 /* Release */,
			);
			defaultConfigurationIsVisible = 0;
			defaultConfigurationName = Release;
		};
		5E9806DE2D722E95008F48B0 /* Build configuration list for PBXNativeTarget "GroceryAIUITests" */ = {
			isa = XCConfigurationList;
			buildConfigurations = (
				5E9806DF2D722E95008F48B0 /* Debug */,
				5E9806E02D722E95008F48B0 /* Release */,
			);
			defaultConfigurationIsVisible = 0;
			defaultConfigurationName = Release;
		};
/* End XCConfigurationList section */

/* Begin XCRemoteSwiftPackageReference section */
		5E480F2F2D81B75C0012C919 /* XCRemoteSwiftPackageReference "firebase-ios-sdk" */ = {
			isa = XCRemoteSwiftPackageReference;
			repositoryURL = "https://github.com/firebase/firebase-ios-sdk";
			requirement = {
				kind = upToNextMajorVersion;
				minimumVersion = 11.9.0;
			};
		};
/* End XCRemoteSwiftPackageReference section */

/* Begin XCSwiftPackageProductDependency section */
		5E480F302D81B9320012C919 /* FirebaseAnalytics */ = {
			isa = XCSwiftPackageProductDependency;
			package = 5E480F2F2D81B75C0012C919 /* XCRemoteSwiftPackageReference "firebase-ios-sdk" */;
			productName = FirebaseAnalytics;
		};
		5E480F332D81BD4F0012C919 /* FirebaseAnalyticsOnDeviceConversion */ = {
			isa = XCSwiftPackageProductDependency;
			package = 5E480F2F2D81B75C0012C919 /* XCRemoteSwiftPackageReference "firebase-ios-sdk" */;
			productName = FirebaseAnalyticsOnDeviceConversion;
		};
/* End XCSwiftPackageProductDependency section */
	};
	rootObject = 5E9806AC2D722E93008F48B0 /* Project object */;
}
